{
  "name": "flask3",
  "lockfileVersion": 2,
  "requires": true,
  "packages": {
    "": {
      "dependencies": {
        "vue-admin-template": "^1.0.0"
      }
    },
    "node_modules/vue-admin-template": {
      "version": "1.0.0",
      "resolved": "https://registry.npmmirror.com/vue-admin-template/-/vue-admin-template-1.0.0.tgz",
      "integrity": "sha512-1b1ODvw4VDsTFziKCICqTU1ug4BlQCJHULo1/Cij1NeMtU57E/i7Xm+5eeezG//42LqZ052itM1H/4tQ3umlWw=="
    }
  },
  "dependencies": {
    "vue-admin-template": {
      "version": "1.0.0",
      "resolved": "https://registry.npmmirror.com/vue-admin-template/-/vue-admin-template-1.0.0.tgz",
      "integrity": "sha512-1b1ODvw4VDsTFziKCICqTU1ug4BlQCJHULo1/Cij1NeMtU57E/i7Xm+5eeezG//42LqZ052itM1H/4tQ3umlWw=="
    }
  }
}
